
Microsoft Visual Studio Solution File, Format Version 12.00
# Visual Studio 15
VisualStudioVersion = 15.0.26430.14
MinimumVisualStudioVersion = 10.0.40219.1
Project("{FAE04EC0-301F-11D3-BF4B-00C04F79EFBC}") = "SamplePaging.Api", "SamplePaging.Api\SamplePaging.Api.csproj", "{75C3B758-1404-43AC-9BE9-2BE9608750EF}"
EndProject
Project("{FAE04EC0-301F-11D3-BF4B-00C04F79EFBC}") = "SamplePaging.Web", "SamplePaging.Web\SamplePaging.Web.csproj", "{3BC3E593-4390-47B1-957A-ADFBF689E2F3}"
EndProject
Global
	GlobalSection(SolutionConfigurationPlatforms) = preSolution
		Debug|Any CPU = Debug|Any CPU
		Release|Any CPU = Release|Any CPU
	EndGlobalSection
	GlobalSection(ProjectConfigurationPlatforms) = postSolution
		{75C3B758-1404-43AC-9BE9-2BE9608750EF}.Debug|Any CPU.ActiveCfg = Debug|Any CPU
		{75C3B758-1404-43AC-9BE9-2BE9608750EF}.Debug|Any CPU.Build.0 = Debug|Any CPU
		{75C3B758-1404-43AC-9BE9-2BE9608750EF}.Release|Any CPU.ActiveCfg = Release|Any CPU
		{75C3B758-1404-43AC-9BE9-2BE9608750EF}.Release|Any CPU.Build.0 = Release|Any CPU
		{3BC3E593-4390-47B1-957A-ADFBF689E2F3}.Debug|Any CPU.ActiveCfg = Debug|Any CPU
		{3BC3E593-4390-47B1-957A-ADFBF689E2F3}.Debug|Any CPU.Build.0 = Debug|Any CPU
		{3BC3E593-4390-47B1-957A-ADFBF689E2F3}.Release|Any CPU.ActiveCfg = Release|Any CPU
		{3BC3E593-4390-47B1-957A-ADFBF689E2F3}.Release|Any CPU.Build.0 = Release|Any CPU
	EndGlobalSection
	GlobalSection(SolutionProperties) = preSolution
		HideSolutionNode = FALSE
	EndGlobalSection
EndGlobal
